{
    "_meta": {
        "hash": {
            "sha256": "73bcddc20ce7b53c291f6d3ebee3514472d919cad88e01a3d493eeddd58ca88d"
        },
        "pipfile-spec": 6,
        "requires": {
            "python_version": "3.7"
        },
        "sources": [
            {
                "name": "pypi",
                "url": "https://pypi.org/simple",
                "verify_ssl": true
            }
        ]
    },
    "default": {
        "inotify-simple": {
            "hashes": [
                "sha256:fc2c10dd73278a1027d0663f2db51240af5946390f363a154361406ebdddd8dd"
            ],
            "index": "pypi",
            "version": "==1.1.8"
        },
        "psutil": {
            "hashes": [
                "sha256:5ce6b5eb0267233459f4d3980c205828482f450999b8f5b684d9629fea98782a",
                "sha256:72cebfaa422b7978a1d3632b65ff734a34c6b34f4578b68a5c204d633756b810",
                "sha256:77c231b4dff8c1c329a4cd1c22b96c8976c597017ff5b09993cd148d6a94500c",
                "sha256:8846ab0be0cdccd6cc92ecd1246a16e2f2e49f53bd73e522c3a75ac291e1b51d",
                "sha256:a013b4250ccbddc9d22feca0f986a1afc71717ad026c0f2109bbffd007351191",
                "sha256:ad43b83119eeea6d5751023298cd331637e542cbd332196464799e25a5519f8f",
                "sha256:c177777c787d247d02dae6c855330f9ed3e1abf8ca1744c26dd5ff968949999a",
                "sha256:ec1ef313530a9457e48d25e3fdb1723dfa636008bf1b970027462d46f2555d59",
                "sha256:ef3e5e02b3c5d1df366abe7b4820400d5c427579668ad4465ff189d28ded5ebd"
            ],
            "index": "pypi",
            "version": "==5.5.1"
        },
        "python-prctl": {
            "hashes": [
                "sha256:57ebd556616d6ffe1f794f514680e84a03737cb070de37722198d7ad6c8f4fda"
            ],
            "index": "pypi",
            "version": "==1.7"
        }
    },
    "develop": {}
}
